// !$*UTF8*$!
{
	archiveVersion = 1;
	classes = {
	};
	objectVersion = 48;
	objects = {

/* Begin PBXBuildFile section */
		860AFD3D1F9F7F190071BFF6 /* AppDelegate.swift in Sources */ = {isa = PBXBuildFile; fileRef = 860AFD3C1F9F7F190071BFF6 /* AppDelegate.swift */; };
		860AFD3F1F9F7F190071BFF6 /* ViewController.swift in Sources */ = {isa = PBXBuildFile; fileRef = 860AFD3E1F9F7F190071BFF6 /* ViewController.swift */; };
		860AFD421F9F7F190071BFF6 /* Main.storyboard in Resources */ = {isa = PBXBuildFile; fileRef = 860AFD401F9F7F190071BFF6 /* Main.storyboard */; };
		860AFD441F9F7F190071BFF6 /* Assets.xcassets in Resources */ = {isa = PBXBuildFile; fileRef = 860AFD431F9F7F190071BFF6 /* Assets.xcassets */; };
		860AFD471F9F7F190071BFF6 /* LaunchScreen.storyboard in Resources */ = {isa = PBXBuildFile; fileRef = 860AFD451F9F7F190071BFF6 /* LaunchScreen.storyboard */; };
		860AFD521F9F7F190071BFF6 /* Day01Tests.swift in Sources */ = {isa = PBXBuildFile; fileRef = 860AFD511F9F7F190071BFF6 /* Day01Tests.swift */; };
		860AFD5D1F9F7F190071BFF6 /* Day01UITests.swift in Sources */ = {isa = PBXBuildFile; fileRef = 860AFD5C1F9F7F190071BFF6 /* Day01UITests.swift */; };
		860AFD701F9F89700071BFF6 /* TableViewCell.swift in Sources */ = {isa = PBXBuildFile; fileRef = 860AFD6E1F9F89700071BFF6 /* TableViewCell.swift */; };
		860AFD711F9F89700071BFF6 /* TableViewCell.xib in Resources */ = {isa = PBXBuildFile; fileRef = 860AFD6F1F9F89700071BFF6 /* TableViewCell.xib */; };
		860AFD731FA3876E0071BFF6 /* Const.swift in Sources */ = {isa = PBXBuildFile; fileRef = 860AFD721FA3876E0071BFF6 /* Const.swift */; };
		860AFD7A1FA39C3F0071BFF6 /* 5.png in Resources */ = {isa = PBXBuildFile; fileRef = 860AFD751FA39C3E0071BFF6 /* 5.png */; };
		860AFD7B1FA39C3F0071BFF6 /* 3.jpeg in Resources */ = {isa = PBXBuildFile; fileRef = 860AFD761FA39C3E0071BFF6 /* 3.jpeg */; };
		860AFD7C1FA39C3F0071BFF6 /* 1.jpg in Resources */ = {isa = PBXBuildFile; fileRef = 860AFD771FA39C3E0071BFF6 /* 1.jpg */; };
		860AFD7D1FA39C3F0071BFF6 /* 2.jpeg in Resources */ = {isa = PBXBuildFile; fileRef = 860AFD781FA39C3E0071BFF6 /* 2.jpeg */; };
		860AFD7E1FA39C3F0071BFF6 /* 4.jpg in Resources */ = {isa = PBXBuildFile; fileRef = 860AFD791FA39C3F0071BFF6 /* 4.jpg */; };
/* End PBXBuildFile section */

/* Begin PBXContainerItemProxy section */
		860AFD4E1F9F7F190071BFF6 /* PBXContainerItemProxy */ = {
			isa = PBXContainerItemProxy;
			containerPortal = 860AFD311F9F7F190071BFF6 /* Project object */;
			proxyType = 1;
			remoteGlobalIDString = 860AFD381F9F7F190071BFF6;
			remoteInfo = Day01;
		};
		860AFD591F9F7F190071BFF6 /* PBXContainerItemProxy */ = {
			isa = PBXContainerItemProxy;
			containerPortal = 860AFD311F9F7F190071BFF6 /* Project object */;
			proxyType = 1;
			remoteGlobalIDString = 860AFD381F9F7F190071BFF6;
			remoteInfo = Day01;
		};
/* End PBXContainerItemProxy section */

/* Begin PBXFileReference section */
		860AFD391F9F7F190071BFF6 /* Day01.app */ = {isa = PBXFileReference; explicitFileType = wrapper.application; includeInIndex = 0; path = Day01.app; sourceTree = BUILT_PRODUCTS_DIR; };
		860AFD3C1F9F7F190071BFF6 /* AppDelegate.swift */ = {isa = PBXFileReference; lastKnownFileType = sourcecode.swift; path = AppDelegate.swift; sourceTree = "<group>"; };
		860AFD3E1F9F7F190071BFF6 /* ViewController.swift */ = {isa = PBXFileReference; lastKnownFileType = sourcecode.swift; path = ViewController.swift; sourceTree = "<group>"; };
		860AFD411F9F7F190071BFF6 /* Base */ = {isa = PBXFileReference; lastKnownFileType = file.storyboard; name = Base; path = Base.lproj/Main.storyboard; sourceTree = "<group>"; };
		860AFD431F9F7F190071BFF6 /* Assets.xcassets */ = {isa = PBXFileReference; lastKnownFileType = folder.assetcatalog; path = Assets.xcassets; sourceTree = "<group>"; };
		860AFD461F9F7F190071BFF6 /* Base */ = {isa = PBXFileReference; lastKnownFileType = file.storyboard; name = Base; path = Base.lproj/LaunchScreen.storyboard; sourceTree = "<group>"; };
		860AFD481F9F7F190071BFF6 /* Info.plist */ = {isa = PBXFileReference; lastKnownFileType = text.plist.xml; path = Info.plist; sourceTree = "<group>"; };
		860AFD4D1F9F7F190071BFF6 /* Day01Tests.xctest */ = {isa = PBXFileReference; explicitFileType = wrapper.cfbundle; includeInIndex = 0; path = Day01Tests.xctest; sourceTree = BUILT_PRODUCTS_DIR; };
		860AFD511F9F7F190071BFF6 /* Day01Tests.swift */ = {isa = PBXFileReference; lastKnownFileType = sourcecode.swift; path = Day01Tests.swift; sourceTree = "<group>"; };
		860AFD531F9F7F190071BFF6 /* Info.plist */ = {isa = PBXFileReference; lastKnownFileType = text.plist.xml; path = Info.plist; sourceTree = "<group>"; };
		860AFD581F9F7F190071BFF6 /* Day01UITests.xctest */ = {isa = PBXFileReference; explicitFileType = wrapper.cfbundle; includeInIndex = 0; path = Day01UITests.xctest; sourceTree = BUILT_PRODUCTS_DIR; };
		860AFD5C1F9F7F190071BFF6 /* Day01UITests.swift */ = {isa = PBXFileReference; lastKnownFileType = sourcecode.swift; path = Day01UITests.swift; sourceTree = "<group>"; };
		860AFD5E1F9F7F1A0071BFF6 /* Info.plist */ = {isa = PBXFileReference; lastKnownFileType = text.plist.xml; path = Info.plist; sourceTree = "<group>"; };
		860AFD6E1F9F89700071BFF6 /* TableViewCell.swift */ = {isa = PBXFileReference; lastKnownFileType = sourcecode.swift; path = TableViewCell.swift; sourceTree = "<group>"; };
		860AFD6F1F9F89700071BFF6 /* TableViewCell.xib */ = {isa = PBXFileReference; lastKnownFileType = file.xib; path = TableViewCell.xib; sourceTree = "<group>"; };
		860AFD721FA3876E0071BFF6 /* Const.swift */ = {isa = PBXFileReference; lastKnownFileType = sourcecode.swift; path = Const.swift; sourceTree = "<group>"; };
		860AFD751FA39C3E0071BFF6 /* 5.png */ = {isa = PBXFileReference; lastKnownFileType = image.png; path = 5.png; sourceTree = "<group>"; };
		860AFD761FA39C3E0071BFF6 /* 3.jpeg */ = {isa = PBXFileReference; lastKnownFileType = image.jpeg; path = 3.jpeg; sourceTree = "<group>"; };
		860AFD771FA39C3E0071BFF6 /* 1.jpg */ = {isa = PBXFileReference; lastKnownFileType = image.jpeg; path = 1.jpg; sourceTree = "<group>"; };
		860AFD781FA39C3E0071BFF6 /* 2.jpeg */ = {isa = PBXFileReference; lastKnownFileType = image.jpeg; path = 2.jpeg; sourceTree = "<group>"; };
		860AFD791FA39C3F0071BFF6 /* 4.jpg */ = {isa = PBXFileReference; lastKnownFileType = image.jpeg; path = 4.jpg; sourceTree = "<group>"; };
/* End PBXFileReference section */

/* Begin PBXFrameworksBuildPhase section */
		860AFD361F9F7F190071BFF6 /* Frameworks */ = {
			isa = PBXFrameworksBuildPhase;
			buildActionMask = 2147483647;
			files = (
			);
			runOnlyForDeploymentPostprocessing = 0;
		};
		860AFD4A1F9F7F190071BFF6 /* Frameworks */ = {
			isa = PBXFrameworksBuildPhase;
			buildActionMask = 2147483647;
			files = (
			);
			runOnlyForDeploymentPostprocessing = 0;
		};
		860AFD551F9F7F190071BFF6 /* Frameworks */ = {
			isa = PBXFrameworksBuildPhase;
			buildActionMask = 2147483647;
			files = (
			);
			runOnlyForDeploymentPostprocessing = 0;
		};
/* End PBXFrameworksBuildPhase section */

/* Begin PBXGroup section */
		860AFD301F9F7F190071BFF6 = {
			isa = PBXGroup;
			children = (
				860AFD3B1F9F7F190071BFF6 /* Day01 */,
				860AFD501F9F7F190071BFF6 /* Day01Tests */,
				860AFD5B1F9F7F190071BFF6 /* Day01UITests */,
				860AFD3A1F9F7F190071BFF6 /* Products */,
			);
			sourceTree = "<group>";
		};
		860AFD3A1F9F7F190071BFF6 /* Products */ = {
			isa = PBXGroup;
			children = (
				860AFD391F9F7F190071BFF6 /* Day01.app */,
				860AFD4D1F9F7F190071BFF6 /* Day01Tests.xctest */,
				860AFD581F9F7F190071BFF6 /* Day01UITests.xctest */,
			);
			name = Products;
			sourceTree = "<group>";
		};
		860AFD3B1F9F7F190071BFF6 /* Day01 */ = {
			isa = PBXGroup;
			children = (
				860AFD741FA39C250071BFF6 /* Res */,
				860AFD3C1F9F7F190071BFF6 /* AppDelegate.swift */,
				860AFD3E1F9F7F190071BFF6 /* ViewController.swift */,
				860AFD6E1F9F89700071BFF6 /* TableViewCell.swift */,
				860AFD6F1F9F89700071BFF6 /* TableViewCell.xib */,
				860AFD401F9F7F190071BFF6 /* Main.storyboard */,
				860AFD431F9F7F190071BFF6 /* Assets.xcassets */,
				860AFD451F9F7F190071BFF6 /* LaunchScreen.storyboard */,
				860AFD481F9F7F190071BFF6 /* Info.plist */,
				860AFD721FA3876E0071BFF6 /* Const.swift */,
			);
			path = Day01;
			sourceTree = "<group>";
		};
		860AFD501F9F7F190071BFF6 /* Day01Tests */ = {
			isa = PBXGroup;
			children = (
				860AFD511F9F7F190071BFF6 /* Day01Tests.swift */,
				860AFD531F9F7F190071BFF6 /* Info.plist */,
			);
			path = Day01Tests;
			sourceTree = "<group>";
		};
		860AFD5B1F9F7F190071BFF6 /* Day01UITests */ = {
			isa = PBXGroup;
			children = (
				860AFD5C1F9F7F190071BFF6 /* Day01UITests.swift */,
				860AFD5E1F9F7F1A0071BFF6 /* Info.plist */,
			);
			path = Day01UITests;
			sourceTree = "<group>";
		};
		860AFD741FA39C250071BFF6 /* Res */ = {
			isa = PBXGroup;
			children = (
				860AFD771FA39C3E0071BFF6 /* 1.jpg */,
				860AFD781FA39C3E0071BFF6 /* 2.jpeg */,
				860AFD761FA39C3E0071BFF6 /* 3.jpeg */,
				860AFD791FA39C3F0071BFF6 /* 4.jpg */,
				860AFD751FA39C3E0071BFF6 /* 5.png */,
			);
			path = Res;
			sourceTree = "<group>";
		};
/* End PBXGroup section */

/* Begin PBXNativeTarget section */
		860AFD381F9F7F190071BFF6 /* Day01 */ = {
			isa = PBXNativeTarget;
			buildConfigurationList = 860AFD611F9F7F1A0071BFF6 /* Build configuration list for PBXNativeTarget "Day01" */;
			buildPhases = (
				860AFD351F9F7F190071BFF6 /* Sources */,
				860AFD361F9F7F190071BFF6 /* Frameworks */,
				860AFD371F9F7F190071BFF6 /* Resources */,
			);
			buildRules = (
			);
			dependencies = (
			);
			name = Day01;
			productName = Day01;
			productReference = 860AFD391F9F7F190071BFF6 /* Day01.app */;
			productType = "com.apple.product-type.application";
		};
		860AFD4C1F9F7F190071BFF6 /* Day01Tests */ = {
			isa = PBXNativeTarget;
			buildConfigurationList = 860AFD641F9F7F1A0071BFF6 /* Build configuration list for PBXNativeTarget "Day01Tests" */;
			buildPhases = (
				860AFD491F9F7F190071BFF6 /* Sources */,
				860AFD4A1F9F7F190071BFF6 /* Frameworks */,
				860AFD4B1F9F7F190071BFF6 /* Resources */,
			);
			buildRules = (
			);
			dependencies = (
				860AFD4F1F9F7F190071BFF6 /* PBXTargetDependency */,
			);
			name = Day01Tests;
			productName = Day01Tests;
			productReference = 860AFD4D1F9F7F190071BFF6 /* Day01Tests.xctest */;
			productType = "com.apple.product-type.bundle.unit-test";
		};
		860AFD571F9F7F190071BFF6 /* Day01UITests */ = {
			isa = PBXNativeTarget;
			buildConfigurationList = 860AFD671F9F7F1A0071BFF6 /* Build configuration list for PBXNativeTarget "Day01UITests" */;
			buildPhases = (
				860AFD541F9F7F190071BFF6 /* Sources */,
				860AFD551F9F7F190071BFF6 /* Frameworks */,
				860AFD561F9F7F190071BFF6 /* Resources */,
			);
			buildRules = (
			);
			dependencies = (
				860AFD5A1F9F7F190071BFF6 /* PBXTargetDependency */,
			);
			name = Day01UITests;
			productName = Day01UITests;
			productReference = 860AFD581F9F7F190071BFF6 /* Day01UITests.xctest */;
			productType = "com.apple.product-type.bundle.ui-testing";
		};
/* End PBXNativeTarget section */

/* Begin PBXProject section */
		860AFD311F9F7F190071BFF6 /* Project object */ = {
			isa = PBXProject;
			attributes = {
				LastSwiftUpdateCheck = 0900;
				LastUpgradeCheck = 0900;
				ORGANIZATIONNAME = "不愿透露姓名的洪先生";
				TargetAttributes = {
					860AFD381F9F7F190071BFF6 = {
						CreatedOnToolsVersion = 9.0.1;
						ProvisioningStyle = Automatic;
					};
					860AFD4C1F9F7F190071BFF6 = {
						CreatedOnToolsVersion = 9.0.1;
						ProvisioningStyle = Automatic;
						TestTargetID = 860AFD381F9F7F190071BFF6;
					};
					860AFD571F9F7F190071BFF6 = {
						CreatedOnToolsVersion = 9.0.1;
						ProvisioningStyle = Automatic;
						TestTargetID = 860AFD381F9F7F190071BFF6;
					};
				};
			};
			buildConfigurationList = 860AFD341F9F7F190071BFF6 /* Build configuration list for PBXProject "Day01" */;
			compatibilityVersion = "Xcode 8.0";
			developmentRegion = en;
			hasScannedForEncodings = 0;
			knownRegions = (
				en,
				Base,
			);
			mainGroup = 860AFD301F9F7F190071BFF6;
			productRefGroup = 860AFD3A1F9F7F190071BFF6 /* Products */;
			projectDirPath = "";
			projectRoot = "";
			targets = (
				860AFD381F9F7F190071BFF6 /* Day01 */,
				860AFD4C1F9F7F190071BFF6 /* Day01Tests */,
				860AFD571F9F7F190071BFF6 /* Day01UITests */,
			);
		};
/* End PBXProject section */

/* Begin PBXResourcesBuildPhase section */
		860AFD371F9F7F190071BFF6 /* Resources */ = {
			isa = PBXResourcesBuildPhase;
			buildActionMask = 2147483647;
			files = (
				860AFD471F9F7F190071BFF6 /* LaunchScreen.storyboard in Resources */,
				860AFD7A1FA39C3F0071BFF6 /* 5.png in Resources */,
				860AFD711F9F89700071BFF6 /* TableViewCell.xib in Resources */,
				860AFD7B1FA39C3F0071BFF6 /* 3.jpeg in Resources */,
				860AFD7D1FA39C3F0071BFF6 /* 2.jpeg in Resources */,
				860AFD441F9F7F190071BFF6 /* Assets.xcassets in Resources */,
				860AFD7E1FA39C3F0071BFF6 /* 4.jpg in Resources */,
				860AFD421F9F7F190071BFF6 /* Main.storyboard in Resources */,
				860AFD7C1FA39C3F0071BFF6 /* 1.jpg in Resources */,
			);
			runOnlyForDeploymentPostprocessing = 0;
		};
		860AFD4B1F9F7F190071BFF6 /* Resources */ = {
			isa = PBXResourcesBuildPhase;
			buildActionMask = 2147483647;
			files = (
			);
			runOnlyForDeploymentPostprocessing = 0;
		};
		860AFD561F9F7F190071BFF6 /* Resources */ = {
			isa = PBXResourcesBuildPhase;
			buildActionMask = 2147483647;
			files = (
			);
			runOnlyForDeploymentPostprocessing = 0;
		};
/* End PBXResourcesBuildPhase section */

/* Begin PBXSourcesBuildPhase section */
		860AFD351F9F7F190071BFF6 /* Sources */ = {
			isa = PBXSourcesBuildPhase;
			buildActionMask = 2147483647;
			files = (
				860AFD701F9F89700071BFF6 /* TableViewCell.swift in Sources */,
				860AFD731FA3876E0071BFF6 /* Const.swift in Sources */,
				860AFD3F1F9F7F190071BFF6 /* ViewController.swift in Sources */,
				860AFD3D1F9F7F190071BFF6 /* AppDelegate.swift in Sources */,
			);
			runOnlyForDeploymentPostprocessing = 0;
		};
		860AFD491F9F7F190071BFF6 /* Sources */ = {
			isa = PBXSourcesBuildPhase;
			buildActionMask = 2147483647;
			files = (
				860AFD521F9F7F190071BFF6 /* Day01Tests.swift in Sources */,
			);
			runOnlyForDeploymentPostprocessing = 0;
		};
		860AFD541F9F7F190071BFF6 /* Sources */ = {
			isa = PBXSourcesBuildPhase;
			buildActionMask = 2147483647;
			files = (
				860AFD5D1F9F7F190071BFF6 /* Day01UITests.swift in Sources */,
			);
			runOnlyForDeploymentPostprocessing = 0;
		};
/* End PBXSourcesBuildPhase section */

/* Begin PBXTargetDependency section */
		860AFD4F1F9F7F190071BFF6 /* PBXTargetDependency */ = {
			isa = PBXTargetDependency;
			target = 860AFD381F9F7F190071BFF6 /* Day01 */;
			targetProxy = 860AFD4E1F9F7F190071BFF6 /* PBXContainerItemProxy */;
		};
		860AFD5A1F9F7F190071BFF6 /* PBXTargetDependency */ = {
			isa = PBXTargetDependency;
			target = 860AFD381F9F7F190071BFF6 /* Day01 */;
			targetProxy = 860AFD591F9F7F190071BFF6 /* PBXContainerItemProxy */;
		};
/* End PBXTargetDependency section */

/* Begin PBXVariantGroup section */
		860AFD401F9F7F190071BFF6 /* Main.storyboard */ = {
			isa = PBXVariantGroup;
			children = (
				860AFD411F9F7F190071BFF6 /* Base */,
			);
			name = Main.storyboard;
			sourceTree = "<group>";
		};
		860AFD451F9F7F190071BFF6 /* LaunchScreen.storyboard */ = {
			isa = PBXVariantGroup;
			children = (
				860AFD461F9F7F190071BFF6 /* Base */,
			);
			name = LaunchScreen.storyboard;
			sourceTree = "<group>";
		};
/* End PBXVariantGroup section */

/* Begin XCBuildConfiguration section */
		860AFD5F1F9F7F1A0071BFF6 /* Debug */ = {
			isa = XCBuildConfiguration;
			buildSettings = {
				ALWAYS_SEARCH_USER_PATHS = NO;
				CLANG_ANALYZER_NONNULL = YES;
				CLANG_ANALYZER_NUMBER_OBJECT_CONVERSION = YES_AGGRESSIVE;
				CLANG_CXX_LANGUAGE_STANDARD = "gnu++14";
				CLANG_CXX_LIBRARY = "libc++";
				CLANG_ENABLE_MODULES = YES;
				CLANG_ENABLE_OBJC_ARC = YES;
				CLANG_WARN_BLOCK_CAPTURE_AUTORELEASING = YES;
				CLANG_WARN_BOOL_CONVERSION = YES;
				CLANG_WARN_COMMA = YES;
				CLANG_WARN_CONSTANT_CONVERSION = YES;
				CLANG_WARN_DIRECT_OBJC_ISA_USAGE = YES_ERROR;
				CLANG_WARN_DOCUMENTATION_COMMENTS = YES;
				CLANG_WARN_EMPTY_BODY = YES;
				CLANG_WARN_ENUM_CONVERSION = YES;
				CLANG_WARN_INFINITE_RECURSION = YES;
				CLANG_WARN_INT_CONVERSION = YES;
				CLANG_WARN_NON_LITERAL_NULL_CONVERSION = YES;
				CLANG_WARN_OBJC_LITERAL_CONVERSION = YES;
				CLANG_WARN_OBJC_ROOT_CLASS = YES_ERROR;
				CLANG_WARN_RANGE_LOOP_ANALYSIS = YES;
				CLANG_WARN_STRICT_PROTOTYPES = YES;
				CLANG_WARN_SUSPICIOUS_MOVE = YES;
				CLANG_WARN_UNGUARDED_AVAILABILITY = YES_AGGRESSIVE;
				CLANG_WARN_UNREACHABLE_CODE = YES;
				CLANG_WARN__DUPLICATE_METHOD_MATCH = YES;
				CODE_SIGN_IDENTITY = "iPhone Developer";
				COPY_PHASE_STRIP = NO;
				DEBUG_INFORMATION_FORMAT = dwarf;
				ENABLE_STRICT_OBJC_MSGSEND = YES;
				ENABLE_TESTABILITY = YES;
				GCC_C_LANGUAGE_STANDARD = gnu11;
				GCC_DYNAMIC_NO_PIC = NO;
				GCC_NO_COMMON_BLOCKS = YES;
				GCC_OPTIMIZATION_LEVEL = 0;
				GCC_PREPROCESSOR_DEFINITIONS = (
					"DEBUG=1",
					"$(inherited)",
				);
				GCC_WARN_64_TO_32_BIT_CONVERSION = YES;
				GCC_WARN_ABOUT_RETURN_TYPE = YES_ERROR;
				GCC_WARN_UNDECLARED_SELECTOR = YES;
				GCC_WARN_UNINITIALIZED_AUTOS = YES_AGGRESSIVE;
				GCC_WARN_UNUSED_FUNCTION = YES;
				GCC_WARN_UNUSED_VARIABLE = YES;
				IPHONEOS_DEPLOYMENT_TARGET = 11.0;
				MTL_ENABLE_DEBUG_INFO = YES;
				ONLY_ACTIVE_ARCH = YES;
				SDKROOT = iphoneos;
				SWIFT_ACTIVE_COMPILATION_CONDITIONS = DEBUG;
				SWIFT_OPTIMIZATION_LEVEL = "-Onone";
			};
			name = Debug;
		};
		860AFD601F9F7F1A0071BFF6 /* Release */ = {
			isa = XCBuildConfiguration;
			buildSettings = {
				ALWAYS_SEARCH_USER_PATHS = NO;
				CLANG_ANALYZER_NONNULL = YES;
				CLANG_ANALYZER_NUMBER_OBJECT_CONVERSION = YES_AGGRESSIVE;
				CLANG_CXX_LANGUAGE_STANDARD = "gnu++14";
				CLANG_CXX_LIBRARY = "libc++";
				CLANG_ENABLE_MODULES = YES;
				CLANG_ENABLE_OBJC_ARC = YES;
				CLANG_WARN_BLOCK_CAPTURE_AUTORELEASING = YES;
				CLANG_WARN_BOOL_CONVERSION = YES;
				CLANG_WARN_COMMA = YES;
				CLANG_WARN_CONSTANT_CONVERSION = YES;
				CLANG_WARN_DIRECT_OBJC_ISA_USAGE = YES_ERROR;
				CLANG_WARN_DOCUMENTATION_COMMENTS = YES;
				CLANG_WARN_EMPTY_BODY = YES;
				CLANG_WARN_ENUM_CONVERSION = YES;
				CLANG_WARN_INFINITE_RECURSION = YES;
				CLANG_WARN_INT_CONVERSION = YES;
				CLANG_WARN_NON_LITERAL_NULL_CONVERSION = YES;
				CLANG_WARN_OBJC_LITERAL_CONVERSION = YES;
				CLANG_WARN_OBJC_ROOT_CLASS = YES_ERROR;
				CLANG_WARN_RANGE_LOOP_ANALYSIS = YES;
				CLANG_WARN_STRICT_PROTOTYPES = YES;
				CLANG_WARN_SUSPICIOUS_MOVE = YES;
				CLANG_WARN_UNGUARDED_AVAILABILITY = YES_AGGRESSIVE;
				CLANG_WARN_UNREACHABLE_CODE = YES;
				CLANG_WARN__DUPLICATE_METHOD_MATCH = YES;
				CODE_SIGN_IDENTITY = "iPhone Developer";
				COPY_PHASE_STRIP = NO;
				DEBUG_INFORMATION_FORMAT = "dwarf-with-dsym";
				ENABLE_NS_ASSERTIONS = NO;
				ENABLE_STRICT_OBJC_MSGSEND = YES;
				GCC_C_LANGUAGE_STANDARD = gnu11;
				GCC_NO_COMMON_BLOCKS = YES;
				GCC_WARN_64_TO_32_BIT_CONVERSION = YES;
				GCC_WARN_ABOUT_RETURN_TYPE = YES_ERROR;
				GCC_WARN_UNDECLARED_SELECTOR = YES;
				GCC_WARN_UNINITIALIZED_AUTOS = YES_AGGRESSIVE;
				GCC_WARN_UNUSED_FUNCTION = YES;
				GCC_WARN_UNUSED_VARIABLE = YES;
				IPHONEOS_DEPLOYMENT_TARGET = 11.0;
				MTL_ENABLE_DEBUG_INFO = NO;
				SDKROOT = iphoneos;
				SWIFT_OPTIMIZATION_LEVEL = "-Owholemodule";
				VALIDATE_PRODUCT = YES;
			};
			name = Release;
		};
		860AFD621F9F7F1A0071BFF6 /* Debug */ = {
			isa = XCBuildConfiguration;
			buildSettings = {
				ASSETCATALOG_COMPILER_APPICON_NAME = AppIcon;
				CODE_SIGN_STYLE = Automatic;
				DEVELOPMENT_TEAM = CE473MJ53W;
				INFOPLIST_FILE = Day01/Info.plist;
				LD_RUNPATH_SEARCH_PATHS = "$(inherited) @executable_path/Frameworks";
				PRODUCT_BUNDLE_IDENTIFIER = com.godyu.sencanblue.Day01;
				PRODUCT_NAME = "$(TARGET_NAME)";
				SWIFT_VERSION = 4.0;
				TARGETED_DEVICE_FAMILY = "1,2";
			};
			name = Debug;
		};
		860AFD631F9F7F1A0071BFF6 /* Release */ = {
			isa = XCBuildConfiguration;
			buildSettings = {
				ASSETCATALOG_COMPILER_APPICON_NAME = AppIcon;
				CODE_SIGN_STYLE = Automatic;
				DEVELOPMENT_TEAM = CE473MJ53W;
				INFOPLIST_FILE = Day01/Info.plist;
				LD_RUNPATH_SEARCH_PATHS = "$(inherited) @executable_path/Frameworks";
				PRODUCT_BUNDLE_IDENTIFIER = com.godyu.sencanblue.Day01;
				PRODUCT_NAME = "$(TARGET_NAME)";
				SWIFT_VERSION = 4.0;
				TARGETED_DEVICE_FAMILY = "1,2";
			};
			name = Release;
		};
		860AFD651F9F7F1A0071BFF6 /* Debug */ = {
			isa = XCBuildConfiguration;
			buildSettings = {
				ALWAYS_EMBED_SWIFT_STANDARD_LIBRARIES = YES;
				BUNDLE_LOADER = "$(TEST_HOST)";
				CODE_SIGN_STYLE = Automatic;
				DEVELOPMENT_TEAM = CE473MJ53W;
				INFOPLIST_FILE = Day01Tests/Info.plist;
				LD_RUNPATH_SEARCH_PATHS = "$(inherited) @executable_path/Frameworks @loader_path/Frameworks";
				PRODUCT_BUNDLE_IDENTIFIER = com.godyu.sencanblue.Day01Tests;
				PRODUCT_NAME = "$(TARGET_NAME)";
				SWIFT_VERSION = 4.0;
				TARGETED_DEVICE_FAMILY = "1,2";
				TEST_HOST = "$(BUILT_PRODUCTS_DIR)/Day01.app/Day01";
			};
			name = Debug;
		};
		860AFD661F9F7F1A0071BFF6 /* Release */ = {
			isa = XCBuildConfiguration;
			buildSettings = {
				ALWAYS_EMBED_SWIFT_STANDARD_LIBRARIES = YES;
				BUNDLE_LOADER = "$(TEST_HOST)";
				CODE_SIGN_STYLE = Automatic;
				DEVELOPMENT_TEAM = CE473MJ53W;
				INFOPLIST_FILE = Day01Tests/Info.plist;
				LD_RUNPATH_SEARCH_PATHS = "$(inherited) @executable_path/Frameworks @loader_path/Frameworks";
				PRODUCT_BUNDLE_IDENTIFIER = com.godyu.sencanblue.Day01Tests;
				PRODUCT_NAME = "$(TARGET_NAME)";
				SWIFT_VERSION = 4.0;
				TARGETED_DEVICE_FAMILY = "1,2";
				TEST_HOST = "$(BUILT_PRODUCTS_DIR)/Day01.app/Day01";
			};
			name = Release;
		};
		860AFD681F9F7F1A0071BFF6 /* Debug */ = {
			isa = XCBuildConfiguration;
			buildSettings = {
				ALWAYS_EMBED_SWIFT_STANDARD_LIBRARIES = YES;
				CODE_SIGN_STYLE = Automatic;
				DEVELOPMENT_TEAM = CE473MJ53W;
				INFOPLIST_FILE = Day01UITests/Info.plist;
				LD_RUNPATH_SEARCH_PATHS = "$(inherited) @executable_path/Frameworks @loader_path/Frameworks";
				PRODUCT_BUNDLE_IDENTIFIER = com.godyu.sencanblue.Day01UITests;
				PRODUCT_NAME = "$(TARGET_NAME)";
				SWIFT_VERSION = 4.0;
				TARGETED_DEVICE_FAMILY = "1,2";
				TEST_TARGET_NAME = Day01;
			};
			name = Debug;
		};
		860AFD691F9F7F1A0071BFF6 /* Release */ = {
			isa = XCBuildConfiguration;
			buildSettings = {
				ALWAYS_EMBED_SWIFT_STANDARD_LIBRARIES = YES;
				CODE_SIGN_STYLE = Automatic;
				DEVELOPMENT_TEAM = CE473MJ53W;
				INFOPLIST_FILE = Day01UITests/Info.plist;
				LD_RUNPATH_SEARCH_PATHS = "$(inherited) @executable_path/Frameworks @loader_path/Frameworks";
				PRODUCT_BUNDLE_IDENTIFIER = com.godyu.sencanblue.Day01UITests;
				PRODUCT_NAME = "$(TARGET_NAME)";
				SWIFT_VERSION = 4.0;
				TARGETED_DEVICE_FAMILY = "1,2";
				TEST_TARGET_NAME = Day01;
			};
			name = Release;
		};
/* End XCBuildConfiguration section */

/* Begin XCConfigurationList section */
		860AFD341F9F7F190071BFF6 /* Build configuration list for PBXProject "Day01" */ = {
			isa = XCConfigurationList;
			buildConfigurations = (
				860AFD5F1F9F7F1A0071BFF6 /* Debug */,
				860AFD601F9F7F1A0071BFF6 /* Release */,
			);
			defaultConfigurationIsVisible = 0;
			defaultConfigurationName = Release;
		};
		860AFD611F9F7F1A0071BFF6 /* Build configuration list for PBXNativeTarget "Day01" */ = {
			isa = XCConfigurationList;
			buildConfigurations = (
				860AFD621F9F7F1A0071BFF6 /* Debug */,
				860AFD631F9F7F1A0071BFF6 /* Release */,
			);
			defaultConfigurationIsVisible = 0;
			defaultConfigurationName = Release;
		};
		860AFD641F9F7F1A0071BFF6 /* Build configuration list for PBXNativeTarget "Day01Tests" */ = {
			isa = XCConfigurationList;
			buildConfigurations = (
				860AFD651F9F7F1A0071BFF6 /* Debug */,
				860AFD661F9F7F1A0071BFF6 /* Release */,
			);
			defaultConfigurationIsVisible = 0;
			defaultConfigurationName = Release;
		};
		860AFD671F9F7F1A0071BFF6 /* Build configuration list for PBXNativeTarget "Day01UITests" */ = {
			isa = XCConfigurationList;
			buildConfigurations = (
				860AFD681F9F7F1A0071BFF6 /* Debug */,
				860AFD691F9F7F1A0071BFF6 /* Release */,
			);
			defaultConfigurationIsVisible = 0;
			defaultConfigurationName = Release;
		};
/* End XCConfigurationList section */
	};
	rootObject = 860AFD311F9F7F190071BFF6 /* Project object */;
}
